
Microsoft Visual Studio Solution File, Format Version 12.00
# Visual Studio Version 16
VisualStudioVersion = 16.0.28803.352
MinimumVisualStudioVersion = 10.0.40219.1
Project("{FAE04EC0-301F-11D3-BF4B-00C04F79EFBC}") = "Vista", "Vista\Vista.csproj", "{4A62B2BB-080A-4DE0-B44E-426CED25C577}"
EndProject
Project("{FAE04EC0-301F-11D3-BF4B-00C04F79EFBC}") = "Modelo", "Modelo\Modelo.csproj", "{812380F1-F07B-4AE3-9810-A42A95F6F30F}"
EndProject
Project("{FAE04EC0-301F-11D3-BF4B-00C04F79EFBC}") = "Control", "Control\Control.csproj", "{1F0F49A6-4548-4B8B-90A4-88DD8AB01223}"
EndProject
Global
	GlobalSection(SolutionConfigurationPlatforms) = preSolution
		Debug|Any CPU = Debug|Any CPU
		Release|Any CPU = Release|Any CPU
	EndGlobalSection
	GlobalSection(ProjectConfigurationPlatforms) = postSolution
		{4A62B2BB-080A-4DE0-B44E-426CED25C577}.Debug|Any CPU.ActiveCfg = Debug|Any CPU
		{4A62B2BB-080A-4DE0-B44E-426CED25C577}.Debug|Any CPU.Build.0 = Debug|Any CPU
		{4A62B2BB-080A-4DE0-B44E-426CED25C577}.Release|Any CPU.ActiveCfg = Release|Any CPU
		{4A62B2BB-080A-4DE0-B44E-426CED25C577}.Release|Any CPU.Build.0 = Release|Any CPU
		{812380F1-F07B-4AE3-9810-A42A95F6F30F}.Debug|Any CPU.ActiveCfg = Debug|Any CPU
		{812380F1-F07B-4AE3-9810-A42A95F6F30F}.Debug|Any CPU.Build.0 = Debug|Any CPU
		{812380F1-F07B-4AE3-9810-A42A95F6F30F}.Release|Any CPU.ActiveCfg = Release|Any CPU
		{812380F1-F07B-4AE3-9810-A42A95F6F30F}.Release|Any CPU.Build.0 = Release|Any CPU
		{1F0F49A6-4548-4B8B-90A4-88DD8AB01223}.Debug|Any CPU.ActiveCfg = Debug|Any CPU
		{1F0F49A6-4548-4B8B-90A4-88DD8AB01223}.Debug|Any CPU.Build.0 = Debug|Any CPU
		{1F0F49A6-4548-4B8B-90A4-88DD8AB01223}.Release|Any CPU.ActiveCfg = Release|Any CPU
		{1F0F49A6-4548-4B8B-90A4-88DD8AB01223}.Release|Any CPU.Build.0 = Release|Any CPU
	EndGlobalSection
	GlobalSection(SolutionProperties) = preSolution
		HideSolutionNode = FALSE
	EndGlobalSection
	GlobalSection(ExtensibilityGlobals) = postSolution
		SolutionGuid = {34BED80E-DE5F-4F8F-A49F-366BB9031B68}
	EndGlobalSection
EndGlobal
